
Microsoft Visual Studio Solution File, Format Version 12.00
# Visual Studio 14
VisualStudioVersion = 14.0.25420.1
MinimumVisualStudioVersion = 10.0.40219.1
Project("{8BC9CEB8-8B4A-11D0-8D11-00A0C91BC942}") = "2.1.1HelloWorld", "HelloWorld\HelloWorld.vcxproj", "{B12702AD-ABFB-343A-A199-8E24837244A3}"
EndProject
Project("{8BC9CEB8-8B4A-11D0-8D11-00A0C91BC942}") = "2.2.2HelloWorldDialog", "HelloWorldDialog\HelloWorldDialog.vcxproj", "{4B64B85F-F8CC-4746-9E09-73DA2665FED0}"
EndProject
Project("{8BC9CEB8-8B4A-11D0-8D11-00A0C91BC942}") = "2.3.2ManualUIDialog", "ManualUIDialog\ManualUIDialog.vcxproj", "{BB40AEFE-B0C0-44EA-BFD0-5AA2D382BC01}"
EndProject
Project("{8BC9CEB8-8B4A-11D0-8D11-00A0C91BC942}") = "2.4.1ComplexUIWind", "ComplexUIWind\ComplexUIWind.vcxproj", "{C44F13AF-B199-4EDB-834D-250957FBFB7C}"
EndProject
Project("{8BC9CEB8-8B4A-11D0-8D11-00A0C91BC942}") = "3.1.5CustomObject", "CustomObject\CustomObject.vcxproj", "{14482F9D-64D8-451C-B6D4-85E8ED5CD45D}"
EndProject
Project("{8BC9CEB8-8B4A-11D0-8D11-00A0C91BC942}") = "3.2.3QGlobalDemo", "QGlobalDemo\QGlobalDemo.vcxproj", "{E5B7ABC1-771E-454F-B6A1-FC10AB0EF2C6}"
EndProject
Project("{8BC9CEB8-8B4A-11D0-8D11-00A0C91BC942}") = "3.3.2QContainerDemo", "QContainerDemo\QContainerDemo.vcxproj", "{7F0125FC-A862-4B5C-BFFE-37D134E166CF}"
EndProject
Project("{8BC9CEB8-8B4A-11D0-8D11-00A0C91BC942}") = "4.1.2QStringDemo", "QStringDemo\QStringDemo.vcxproj", "{C6D2BF0D-F503-45D1-9973-BC34D4D84FC1}"
EndProject
Project("{8BC9CEB8-8B4A-11D0-8D11-00A0C91BC942}") = "4.2.1QSpinBoxDemo", "QSpinBoxDemo\QSpinBoxDemo.vcxproj", "{D18C0852-1ED0-42BD-97C3-46586E43B454}"
EndProject
Project("{8BC9CEB8-8B4A-11D0-8D11-00A0C91BC942}") = "4.3.1QSliderDemo", "QSliderDemo\QSliderDemo.vcxproj", "{8A73A873-5065-4A81-843A-E5BBC987ECD8}"
EndProject
Project("{8BC9CEB8-8B4A-11D0-8D11-00A0C91BC942}") = "4.4.1QDateTimeDemo", "QDateTimeDemo\QDateTimeDemo.vcxproj", "{55B21515-8D2E-49E1-B52C-2E2EDA9E0B97}"
EndProject
Project("{8BC9CEB8-8B4A-11D0-8D11-00A0C91BC942}") = "4.4.4QTimeDemo", "QTimeDemo\QTimeDemo.vcxproj", "{E7DB2D1A-4447-4702-B43A-066CE19F7904}"
EndProject
Project("{8BC9CEB8-8B4A-11D0-8D11-00A0C91BC942}") = "4.5.2QComboBoxDemo", "QComboBoxDemo\QComboBoxDemo.vcxproj", "{959017DF-DA84-4430-B066-6D7382230F34}"
EndProject
Project("{8BC9CEB8-8B4A-11D0-8D11-00A0C91BC942}") = "4.5.3QPlainTextEditDemo", "QPlainTextEditDemo\QPlainTextEditDemo.vcxproj", "{AB30BD28-1B5D-4A3D-BD10-7A2FE6EC2E93}"
EndProject
Project("{8BC9CEB8-8B4A-11D0-8D11-00A0C91BC942}") = "4.6.1QListWidgetDemo", "QListWidgetDemo\QListWidgetDemo.vcxproj", "{6334E6AE-AB92-4040-9534-52330E41199A}"
EndProject
Project("{8BC9CEB8-8B4A-11D0-8D11-00A0C91BC942}") = "4.7.1QTreeWidgetDemo", "QTreeWidgetDemo\QTreeWidgetDemo.vcxproj", "{F2CDF299-8D2A-4AB8-A3AC-583A291E6008}"
EndProject
Project("{8BC9CEB8-8B4A-11D0-8D11-00A0C91BC942}") = "4.8.1QTableWidgetDemo", "QTableWidgetDemo\QTableWidgetDemo.vcxproj", "{9788AF79-AEE4-4241-9882-900E6C52F386}"
EndProject
Project("{8BC9CEB8-8B4A-11D0-8D11-00A0C91BC942}") = "5.2.1QFileSystemModelDemo", "QFileSystemModelDemo\QFileSystemModelDemo.vcxproj", "{70715E1A-7E85-41D9-A43C-9B651B536202}"
EndProject
Project("{8BC9CEB8-8B4A-11D0-8D11-00A0C91BC942}") = "5.3.1QStringListModelDemo", "QStringListModelDemo\QStringListModelDemo.vcxproj", "{0C022AA9-3ED8-4748-B4BA-6C4F048E97ED}"
EndProject
Project("{8BC9CEB8-8B4A-11D0-8D11-00A0C91BC942}") = "5.4.1QStandardItemModelDemo", "QStandardItemModelDemo\QStandardItemModelDemo.vcxproj", "{8AB6B934-46E5-408C-B814-7117FA20EC27}"
EndProject
Project("{8BC9CEB8-8B4A-11D0-8D11-00A0C91BC942}") = "6.1.1StandardDialogDemo", "StandardDialogDemo\StandardDialogDemo.vcxproj", "{7A8FB3EB-7BFD-49F6-99E0-0D449DDE8C54}"
EndProject
Project("{8BC9CEB8-8B4A-11D0-8D11-00A0C91BC942}") = "6.2.1CustomDialogDemo", "CustomDialogDemo\CustomDialogDemo.vcxproj", "{37301F00-34CC-443B-91E3-E3BF23DE63A7}"
EndProject
Project("{8BC9CEB8-8B4A-11D0-8D11-00A0C91BC942}") = "6.3.3MuliWindowDemo", "MuliWindowDemo\MuliWindowDemo.vcxproj", "{C03416D3-E65C-4A60-AD61-76EB24CA86DD}"
EndProject
Project("{8BC9CEB8-8B4A-11D0-8D11-00A0C91BC942}") = "6.4.1MDIWindowDemo", "MDIWindowDemo\MDIWindowDemo.vcxproj", "{6A67A541-3E46-4A8E-A116-0870C71955B7}"
EndProject
Project("{8BC9CEB8-8B4A-11D0-8D11-00A0C91BC942}") = "7.1.3TextFileDemo", "TextFileDemo\TextFileDemo.vcxproj", "{411DC7ED-16D4-4E2D-9FBE-1951E387391B}"
EndProject
Project("{8BC9CEB8-8B4A-11D0-8D11-00A0C91BC942}") = "7.2.1BinaryFileDemo", "BinaryFileDemo\BinaryFileDemo.vcxproj", "{5881D98F-0103-44E9-8E9B-C10E2126368A}"
EndProject
Project("{8BC9CEB8-8B4A-11D0-8D11-00A0C91BC942}") = "7.3.3FileDirAccessDemo", "FileDirAccessDemo\FileDirAccessDemo.vcxproj", "{06B3857D-1274-4E24-BA04-3B817F202955}"
EndProject
Project("{8BC9CEB8-8B4A-11D0-8D11-00A0C91BC942}") = "8.2.1PainterDemo", "PainterDemo\PainterDemo.vcxproj", "{9A662EBC-B8BC-4305-B04B-D99B263EBC89}"
EndProject
Project("{8BC9CEB8-8B4A-11D0-8D11-00A0C91BC942}") = "8.3.1GraphicsViewDemo", "GraphicsViewDemo\GraphicsViewDemo.vcxproj", "{B1DC07EA-0F93-42D1-B36E-16B418BF3746}"
EndProject
Project("{8BC9CEB8-8B4A-11D0-8D11-00A0C91BC942}") = "9.1.2ChartViewDemo", "ChartViewDemo\ChartViewDemo.vcxproj", "{0102ECDE-3578-4B51-9519-E162D0D0147B}"
EndProject
Project("{8BC9CEB8-8B4A-11D0-8D11-00A0C91BC942}") = "9.3.1MoreChartViewDemo", "MoreChartViewDemo\MoreChartViewDemo.vcxproj", "{F43036FC-CA01-466A-93A9-B6F42ADB4516}"
EndProject
Project("{8BC9CEB8-8B4A-11D0-8D11-00A0C91BC942}") = "9.4.1StrengChartViewDemo", "StrengChartViewDemo\StrengChartViewDemo.vcxproj", "{358B4B6E-9A61-41CC-B4E3-CBF64CC0EA3C}"
EndProject
Project("{8BC9CEB8-8B4A-11D0-8D11-00A0C91BC942}") = "10.2.1Q3DBarsDemo", "Q3DBarsDemo\Q3DBarsDemo.vcxproj", "{ACF506E3-213D-402B-9FE1-F82C9479528A}"
EndProject
Project("{8BC9CEB8-8B4A-11D0-8D11-00A0C91BC942}") = "10.3.1Q3DScatterDemo", "Q3DScatterDemo\Q3DScatterDemo.vcxproj", "{DEBC71B0-6033-4BFC-9FB3-36D2F3267690}"
EndProject
Project("{8BC9CEB8-8B4A-11D0-8D11-00A0C91BC942}") = "10.4.1Q3DSurfaceDemo", "Q3DSurfaceDemo\Q3DSurfaceDemo.vcxproj", "{69E3A08D-E6F7-4F27-AA8A-8E88BAD58721}"
EndProject
Project("{8BC9CEB8-8B4A-11D0-8D11-00A0C91BC942}") = "11.2.1QSqlTableModelDemo", "QSqlTableModelDemo\QSqlTableModelDemo.vcxproj", "{B9540E03-02E3-4090-8A28-9EC0DE553D0F}"
EndProject
Project("{8BC9CEB8-8B4A-11D0-8D11-00A0C91BC942}") = "QSqlRelationalTableDemo", "QSqlRelationalTableDemo\QSqlRelationalTableDemo.vcxproj", "{DB7DAE34-475F-4C9F-9093-0FCD4059C1F4}"
EndProject
Global
	GlobalSection(SolutionConfigurationPlatforms) = preSolution
		Debug|x86 = Debug|x86
		Release|x86 = Release|x86
	EndGlobalSection
	GlobalSection(ProjectConfigurationPlatforms) = postSolution
		{B12702AD-ABFB-343A-A199-8E24837244A3}.Debug|x86.ActiveCfg = Debug|Win32
		{B12702AD-ABFB-343A-A199-8E24837244A3}.Debug|x86.Build.0 = Debug|Win32
		{B12702AD-ABFB-343A-A199-8E24837244A3}.Release|x86.ActiveCfg = Release|Win32
		{B12702AD-ABFB-343A-A199-8E24837244A3}.Release|x86.Build.0 = Release|Win32
		{4B64B85F-F8CC-4746-9E09-73DA2665FED0}.Debug|x86.ActiveCfg = Debug|Win32
		{4B64B85F-F8CC-4746-9E09-73DA2665FED0}.Debug|x86.Build.0 = Debug|Win32
		{4B64B85F-F8CC-4746-9E09-73DA2665FED0}.Release|x86.ActiveCfg = Release|Win32
		{4B64B85F-F8CC-4746-9E09-73DA2665FED0}.Release|x86.Build.0 = Release|Win32
		{BB40AEFE-B0C0-44EA-BFD0-5AA2D382BC01}.Debug|x86.ActiveCfg = Debug|Win32
		{BB40AEFE-B0C0-44EA-BFD0-5AA2D382BC01}.Debug|x86.Build.0 = Debug|Win32
		{BB40AEFE-B0C0-44EA-BFD0-5AA2D382BC01}.Release|x86.ActiveCfg = Release|Win32
		{BB40AEFE-B0C0-44EA-BFD0-5AA2D382BC01}.Release|x86.Build.0 = Release|Win32
		{C44F13AF-B199-4EDB-834D-250957FBFB7C}.Debug|x86.ActiveCfg = Debug|Win32
		{C44F13AF-B199-4EDB-834D-250957FBFB7C}.Debug|x86.Build.0 = Debug|Win32
		{C44F13AF-B199-4EDB-834D-250957FBFB7C}.Release|x86.ActiveCfg = Release|Win32
		{C44F13AF-B199-4EDB-834D-250957FBFB7C}.Release|x86.Build.0 = Release|Win32
		{14482F9D-64D8-451C-B6D4-85E8ED5CD45D}.Debug|x86.ActiveCfg = Debug|Win32
		{14482F9D-64D8-451C-B6D4-85E8ED5CD45D}.Debug|x86.Build.0 = Debug|Win32
		{14482F9D-64D8-451C-B6D4-85E8ED5CD45D}.Release|x86.ActiveCfg = Release|Win32
		{14482F9D-64D8-451C-B6D4-85E8ED5CD45D}.Release|x86.Build.0 = Release|Win32
		{E5B7ABC1-771E-454F-B6A1-FC10AB0EF2C6}.Debug|x86.ActiveCfg = Debug|Win32
		{E5B7ABC1-771E-454F-B6A1-FC10AB0EF2C6}.Debug|x86.Build.0 = Debug|Win32
		{E5B7ABC1-771E-454F-B6A1-FC10AB0EF2C6}.Release|x86.ActiveCfg = Release|Win32
		{E5B7ABC1-771E-454F-B6A1-FC10AB0EF2C6}.Release|x86.Build.0 = Release|Win32
		{7F0125FC-A862-4B5C-BFFE-37D134E166CF}.Debug|x86.ActiveCfg = Debug|Win32
		{7F0125FC-A862-4B5C-BFFE-37D134E166CF}.Debug|x86.Build.0 = Debug|Win32
		{7F0125FC-A862-4B5C-BFFE-37D134E166CF}.Release|x86.ActiveCfg = Release|Win32
		{7F0125FC-A862-4B5C-BFFE-37D134E166CF}.Release|x86.Build.0 = Release|Win32
		{C6D2BF0D-F503-45D1-9973-BC34D4D84FC1}.Debug|x86.ActiveCfg = Debug|Win32
		{C6D2BF0D-F503-45D1-9973-BC34D4D84FC1}.Debug|x86.Build.0 = Debug|Win32
		{C6D2BF0D-F503-45D1-9973-BC34D4D84FC1}.Release|x86.ActiveCfg = Release|Win32
		{C6D2BF0D-F503-45D1-9973-BC34D4D84FC1}.Release|x86.Build.0 = Release|Win32
		{D18C0852-1ED0-42BD-97C3-46586E43B454}.Debug|x86.ActiveCfg = Debug|Win32
		{D18C0852-1ED0-42BD-97C3-46586E43B454}.Debug|x86.Build.0 = Debug|Win32
		{D18C0852-1ED0-42BD-97C3-46586E43B454}.Release|x86.ActiveCfg = Release|Win32
		{D18C0852-1ED0-42BD-97C3-46586E43B454}.Release|x86.Build.0 = Release|Win32
		{8A73A873-5065-4A81-843A-E5BBC987ECD8}.Debug|x86.ActiveCfg = Debug|Win32
		{8A73A873-5065-4A81-843A-E5BBC987ECD8}.Debug|x86.Build.0 = Debug|Win32
		{8A73A873-5065-4A81-843A-E5BBC987ECD8}.Release|x86.ActiveCfg = Release|Win32
		{8A73A873-5065-4A81-843A-E5BBC987ECD8}.Release|x86.Build.0 = Release|Win32
		{55B21515-8D2E-49E1-B52C-2E2EDA9E0B97}.Debug|x86.ActiveCfg = Debug|Win32
		{55B21515-8D2E-49E1-B52C-2E2EDA9E0B97}.Debug|x86.Build.0 = Debug|Win32
		{55B21515-8D2E-49E1-B52C-2E2EDA9E0B97}.Release|x86.ActiveCfg = Release|Win32
		{55B21515-8D2E-49E1-B52C-2E2EDA9E0B97}.Release|x86.Build.0 = Release|Win32
		{E7DB2D1A-4447-4702-B43A-066CE19F7904}.Debug|x86.ActiveCfg = Debug|Win32
		{E7DB2D1A-4447-4702-B43A-066CE19F7904}.Debug|x86.Build.0 = Debug|Win32
		{E7DB2D1A-4447-4702-B43A-066CE19F7904}.Release|x86.ActiveCfg = Release|Win32
		{E7DB2D1A-4447-4702-B43A-066CE19F7904}.Release|x86.Build.0 = Release|Win32
		{959017DF-DA84-4430-B066-6D7382230F34}.Debug|x86.ActiveCfg = Debug|Win32
		{959017DF-DA84-4430-B066-6D7382230F34}.Debug|x86.Build.0 = Debug|Win32
		{959017DF-DA84-4430-B066-6D7382230F34}.Release|x86.ActiveCfg = Release|Win32
		{959017DF-DA84-4430-B066-6D7382230F34}.Release|x86.Build.0 = Release|Win32
		{AB30BD28-1B5D-4A3D-BD10-7A2FE6EC2E93}.Debug|x86.ActiveCfg = Debug|Win32
		{AB30BD28-1B5D-4A3D-BD10-7A2FE6EC2E93}.Debug|x86.Build.0 = Debug|Win32
		{AB30BD28-1B5D-4A3D-BD10-7A2FE6EC2E93}.Release|x86.ActiveCfg = Release|Win32
		{AB30BD28-1B5D-4A3D-BD10-7A2FE6EC2E93}.Release|x86.Build.0 = Release|Win32
		{6334E6AE-AB92-4040-9534-52330E41199A}.Debug|x86.ActiveCfg = Debug|Win32
		{6334E6AE-AB92-4040-9534-52330E41199A}.Debug|x86.Build.0 = Debug|Win32
		{6334E6AE-AB92-4040-9534-52330E41199A}.Release|x86.ActiveCfg = Release|Win32
		{6334E6AE-AB92-4040-9534-52330E41199A}.Release|x86.Build.0 = Release|Win32
		{F2CDF299-8D2A-4AB8-A3AC-583A291E6008}.Debug|x86.ActiveCfg = Debug|Win32
		{F2CDF299-8D2A-4AB8-A3AC-583A291E6008}.Debug|x86.Build.0 = Debug|Win32
		{F2CDF299-8D2A-4AB8-A3AC-583A291E6008}.Release|x86.ActiveCfg = Release|Win32
		{F2CDF299-8D2A-4AB8-A3AC-583A291E6008}.Release|x86.Build.0 = Release|Win32
		{9788AF79-AEE4-4241-9882-900E6C52F386}.Debug|x86.ActiveCfg = Debug|Win32
		{9788AF79-AEE4-4241-9882-900E6C52F386}.Debug|x86.Build.0 = Debug|Win32
		{9788AF79-AEE4-4241-9882-900E6C52F386}.Release|x86.ActiveCfg = Release|Win32
		{9788AF79-AEE4-4241-9882-900E6C52F386}.Release|x86.Build.0 = Release|Win32
		{70715E1A-7E85-41D9-A43C-9B651B536202}.Debug|x86.ActiveCfg = Debug|Win32
		{70715E1A-7E85-41D9-A43C-9B651B536202}.Debug|x86.Build.0 = Debug|Win32
		{70715E1A-7E85-41D9-A43C-9B651B536202}.Release|x86.ActiveCfg = Release|Win32
		{70715E1A-7E85-41D9-A43C-9B651B536202}.Release|x86.Build.0 = Release|Win32
		{0C022AA9-3ED8-4748-B4BA-6C4F048E97ED}.Debug|x86.ActiveCfg = Debug|Win32
		{0C022AA9-3ED8-4748-B4BA-6C4F048E97ED}.Debug|x86.Build.0 = Debug|Win32
		{0C022AA9-3ED8-4748-B4BA-6C4F048E97ED}.Release|x86.ActiveCfg = Release|Win32
		{0C022AA9-3ED8-4748-B4BA-6C4F048E97ED}.Release|x86.Build.0 = Release|Win32
		{8AB6B934-46E5-408C-B814-7117FA20EC27}.Debug|x86.ActiveCfg = Debug|Win32
		{8AB6B934-46E5-408C-B814-7117FA20EC27}.Debug|x86.Build.0 = Debug|Win32
		{8AB6B934-46E5-408C-B814-7117FA20EC27}.Release|x86.ActiveCfg = Release|Win32
		{8AB6B934-46E5-408C-B814-7117FA20EC27}.Release|x86.Build.0 = Release|Win32
		{7A8FB3EB-7BFD-49F6-99E0-0D449DDE8C54}.Debug|x86.ActiveCfg = Debug|Win32
		{7A8FB3EB-7BFD-49F6-99E0-0D449DDE8C54}.Debug|x86.Build.0 = Debug|Win32
		{7A8FB3EB-7BFD-49F6-99E0-0D449DDE8C54}.Release|x86.ActiveCfg = Release|Win32
		{7A8FB3EB-7BFD-49F6-99E0-0D449DDE8C54}.Release|x86.Build.0 = Release|Win32
		{37301F00-34CC-443B-91E3-E3BF23DE63A7}.Debug|x86.ActiveCfg = Debug|Win32
		{37301F00-34CC-443B-91E3-E3BF23DE63A7}.Debug|x86.Build.0 = Debug|Win32
		{37301F00-34CC-443B-91E3-E3BF23DE63A7}.Release|x86.ActiveCfg = Release|Win32
		{37301F00-34CC-443B-91E3-E3BF23DE63A7}.Release|x86.Build.0 = Release|Win32
		{C03416D3-E65C-4A60-AD61-76EB24CA86DD}.Debug|x86.ActiveCfg = Debug|Win32
		{C03416D3-E65C-4A60-AD61-76EB24CA86DD}.Debug|x86.Build.0 = Debug|Win32
		{C03416D3-E65C-4A60-AD61-76EB24CA86DD}.Release|x86.ActiveCfg = Release|Win32
		{C03416D3-E65C-4A60-AD61-76EB24CA86DD}.Release|x86.Build.0 = Release|Win32
		{6A67A541-3E46-4A8E-A116-0870C71955B7}.Debug|x86.ActiveCfg = Debug|Win32
		{6A67A541-3E46-4A8E-A116-0870C71955B7}.Debug|x86.Build.0 = Debug|Win32
		{6A67A541-3E46-4A8E-A116-0870C71955B7}.Release|x86.ActiveCfg = Release|Win32
		{6A67A541-3E46-4A8E-A116-0870C71955B7}.Release|x86.Build.0 = Release|Win32
		{411DC7ED-16D4-4E2D-9FBE-1951E387391B}.Debug|x86.ActiveCfg = Debug|Win32
		{411DC7ED-16D4-4E2D-9FBE-1951E387391B}.Debug|x86.Build.0 = Debug|Win32
		{411DC7ED-16D4-4E2D-9FBE-1951E387391B}.Release|x86.ActiveCfg = Release|Win32
		{411DC7ED-16D4-4E2D-9FBE-1951E387391B}.Release|x86.Build.0 = Release|Win32
		{5881D98F-0103-44E9-8E9B-C10E2126368A}.Debug|x86.ActiveCfg = Debug|Win32
		{5881D98F-0103-44E9-8E9B-C10E2126368A}.Debug|x86.Build.0 = Debug|Win32
		{5881D98F-0103-44E9-8E9B-C10E2126368A}.Release|x86.ActiveCfg = Release|Win32
		{5881D98F-0103-44E9-8E9B-C10E2126368A}.Release|x86.Build.0 = Release|Win32
		{06B3857D-1274-4E24-BA04-3B817F202955}.Debug|x86.ActiveCfg = Debug|Win32
		{06B3857D-1274-4E24-BA04-3B817F202955}.Debug|x86.Build.0 = Debug|Win32
		{06B3857D-1274-4E24-BA04-3B817F202955}.Release|x86.ActiveCfg = Release|Win32
		{06B3857D-1274-4E24-BA04-3B817F202955}.Release|x86.Build.0 = Release|Win32
		{9A662EBC-B8BC-4305-B04B-D99B263EBC89}.Debug|x86.ActiveCfg = Debug|Win32
		{9A662EBC-B8BC-4305-B04B-D99B263EBC89}.Debug|x86.Build.0 = Debug|Win32
		{9A662EBC-B8BC-4305-B04B-D99B263EBC89}.Release|x86.ActiveCfg = Release|Win32
		{9A662EBC-B8BC-4305-B04B-D99B263EBC89}.Release|x86.Build.0 = Release|Win32
		{B1DC07EA-0F93-42D1-B36E-16B418BF3746}.Debug|x86.ActiveCfg = Debug|Win32
		{B1DC07EA-0F93-42D1-B36E-16B418BF3746}.Debug|x86.Build.0 = Debug|Win32
		{B1DC07EA-0F93-42D1-B36E-16B418BF3746}.Release|x86.ActiveCfg = Release|Win32
		{B1DC07EA-0F93-42D1-B36E-16B418BF3746}.Release|x86.Build.0 = Release|Win32
		{0102ECDE-3578-4B51-9519-E162D0D0147B}.Debug|x86.ActiveCfg = Debug|Win32
		{0102ECDE-3578-4B51-9519-E162D0D0147B}.Debug|x86.Build.0 = Debug|Win32
		{0102ECDE-3578-4B51-9519-E162D0D0147B}.Release|x86.ActiveCfg = Release|Win32
		{0102ECDE-3578-4B51-9519-E162D0D0147B}.Release|x86.Build.0 = Release|Win32
		{F43036FC-CA01-466A-93A9-B6F42ADB4516}.Debug|x86.ActiveCfg = Debug|Win32
		{F43036FC-CA01-466A-93A9-B6F42ADB4516}.Debug|x86.Build.0 = Debug|Win32
		{F43036FC-CA01-466A-93A9-B6F42ADB4516}.Release|x86.ActiveCfg = Release|Win32
		{F43036FC-CA01-466A-93A9-B6F42ADB4516}.Release|x86.Build.0 = Release|Win32
		{358B4B6E-9A61-41CC-B4E3-CBF64CC0EA3C}.Debug|x86.ActiveCfg = Debug|Win32
		{358B4B6E-9A61-41CC-B4E3-CBF64CC0EA3C}.Debug|x86.Build.0 = Debug|Win32
		{358B4B6E-9A61-41CC-B4E3-CBF64CC0EA3C}.Release|x86.ActiveCfg = Release|Win32
		{358B4B6E-9A61-41CC-B4E3-CBF64CC0EA3C}.Release|x86.Build.0 = Release|Win32
		{ACF506E3-213D-402B-9FE1-F82C9479528A}.Debug|x86.ActiveCfg = Debug|Win32
		{ACF506E3-213D-402B-9FE1-F82C9479528A}.Debug|x86.Build.0 = Debug|Win32
		{ACF506E3-213D-402B-9FE1-F82C9479528A}.Release|x86.ActiveCfg = Release|Win32
		{ACF506E3-213D-402B-9FE1-F82C9479528A}.Release|x86.Build.0 = Release|Win32
		{DEBC71B0-6033-4BFC-9FB3-36D2F3267690}.Debug|x86.ActiveCfg = Debug|Win32
		{DEBC71B0-6033-4BFC-9FB3-36D2F3267690}.Debug|x86.Build.0 = Debug|Win32
		{DEBC71B0-6033-4BFC-9FB3-36D2F3267690}.Release|x86.ActiveCfg = Release|Win32
		{DEBC71B0-6033-4BFC-9FB3-36D2F3267690}.Release|x86.Build.0 = Release|Win32
		{69E3A08D-E6F7-4F27-AA8A-8E88BAD58721}.Debug|x86.ActiveCfg = Debug|Win32
		{69E3A08D-E6F7-4F27-AA8A-8E88BAD58721}.Debug|x86.Build.0 = Debug|Win32
		{69E3A08D-E6F7-4F27-AA8A-8E88BAD58721}.Release|x86.ActiveCfg = Release|Win32
		{69E3A08D-E6F7-4F27-AA8A-8E88BAD58721}.Release|x86.Build.0 = Release|Win32
		{B9540E03-02E3-4090-8A28-9EC0DE553D0F}.Debug|x86.ActiveCfg = Debug|Win32
		{B9540E03-02E3-4090-8A28-9EC0DE553D0F}.Debug|x86.Build.0 = Debug|Win32
		{B9540E03-02E3-4090-8A28-9EC0DE553D0F}.Release|x86.ActiveCfg = Release|Win32
		{B9540E03-02E3-4090-8A28-9EC0DE553D0F}.Release|x86.Build.0 = Release|Win32
		{DB7DAE34-475F-4C9F-9093-0FCD4059C1F4}.Debug|x86.ActiveCfg = Debug|Win32
		{DB7DAE34-475F-4C9F-9093-0FCD4059C1F4}.Debug|x86.Build.0 = Debug|Win32
		{DB7DAE34-475F-4C9F-9093-0FCD4059C1F4}.Release|x86.ActiveCfg = Release|Win32
		{DB7DAE34-475F-4C9F-9093-0FCD4059C1F4}.Release|x86.Build.0 = Release|Win32
	EndGlobalSection
	GlobalSection(SolutionProperties) = preSolution
		HideSolutionNode = FALSE
	EndGlobalSection
EndGlobal
