
Microsoft Visual Studio Solution File, Format Version 12.00
# Visual Studio 14
VisualStudioVersion = 14.0.25420.1
MinimumVisualStudioVersion = 10.0.40219.1
Project("{8BC9CEB8-8B4A-11D0-8D11-00A0C91BC942}") = "2.1.1HelloWorld", "HelloWorld\HelloWorld.vcxproj", "{B12702AD-ABFB-343A-A199-8E24837244A3}"
EndProject
Project("{8BC9CEB8-8B4A-11D0-8D11-00A0C91BC942}") = "2.2.2HelloWorldDialog", "HelloWorldDialog\HelloWorldDialog.vcxproj", "{4B64B85F-F8CC-4746-9E09-73DA2665FED0}"
EndProject
Project("{8BC9CEB8-8B4A-11D0-8D11-00A0C91BC942}") = "2.3.2ManualUIDialog", "ManualUIDialog\ManualUIDialog.vcxproj", "{BB40AEFE-B0C0-44EA-BFD0-5AA2D382BC01}"
EndProject
Project("{8BC9CEB8-8B4A-11D0-8D11-00A0C91BC942}") = "2.4.1ComplexUIWind", "ComplexUIWind\ComplexUIWind.vcxproj", "{C44F13AF-B199-4EDB-834D-250957FBFB7C}"
EndProject
Project("{8BC9CEB8-8B4A-11D0-8D11-00A0C91BC942}") = "3.1.5CustomObject", "CustomObject\CustomObject.vcxproj", "{14482F9D-64D8-451C-B6D4-85E8ED5CD45D}"
EndProject
Project("{8BC9CEB8-8B4A-11D0-8D11-00A0C91BC942}") = "3.2.3QGlobalDemo", "QGlobalDemo\QGlobalDemo.vcxproj", "{E5B7ABC1-771E-454F-B6A1-FC10AB0EF2C6}"
EndProject
Project("{8BC9CEB8-8B4A-11D0-8D11-00A0C91BC942}") = "3.3.2QContainerDemo", "QContainerDemo\QContainerDemo.vcxproj", "{7F0125FC-A862-4B5C-BFFE-37D134E166CF}"
EndProject
Project("{8BC9CEB8-8B4A-11D0-8D11-00A0C91BC942}") = "4.1.2QStringDemo", "QStringDemo\QStringDemo.vcxproj", "{C6D2BF0D-F503-45D1-9973-BC34D4D84FC1}"
EndProject
Project("{8BC9CEB8-8B4A-11D0-8D11-00A0C91BC942}") = "4.2.1QSpinBoxDemo", "QSpinBoxDemo\QSpinBoxDemo.vcxproj", "{D18C0852-1ED0-42BD-97C3-46586E43B454}"
EndProject
Project("{8BC9CEB8-8B4A-11D0-8D11-00A0C91BC942}") = "4.3.1QSliderDemo", "QSliderDemo\QSliderDemo.vcxproj", "{8A73A873-5065-4A81-843A-E5BBC987ECD8}"
EndProject
Project("{8BC9CEB8-8B4A-11D0-8D11-00A0C91BC942}") = "4.4.1QDateTimeDemo", "QDateTimeDemo\QDateTimeDemo.vcxproj", "{55B21515-8D2E-49E1-B52C-2E2EDA9E0B97}"
EndProject
Project("{8BC9CEB8-8B4A-11D0-8D11-00A0C91BC942}") = "4.4.4QTimeDemo", "QTimeDemo\QTimeDemo.vcxproj", "{E7DB2D1A-4447-4702-B43A-066CE19F7904}"
EndProject
Project("{8BC9CEB8-8B4A-11D0-8D11-00A0C91BC942}") = "4.5.2QComboBoxDemo", "QComboBoxDemo\QComboBoxDemo.vcxproj", "{959017DF-DA84-4430-B066-6D7382230F34}"
EndProject
Project("{8BC9CEB8-8B4A-11D0-8D11-00A0C91BC942}") = "4.5.3QPlainTextEditDemo", "QPlainTextEditDemo\QPlainTextEditDemo.vcxproj", "{AB30BD28-1B5D-4A3D-BD10-7A2FE6EC2E93}"
EndProject
Project("{8BC9CEB8-8B4A-11D0-8D11-00A0C91BC942}") = "4.6.1QListWidgetDemo", "QListWidgetDemo\QListWidgetDemo.vcxproj", "{6334E6AE-AB92-4040-9534-52330E41199A}"
EndProject
Project("{8BC9CEB8-8B4A-11D0-8D11-00A0C91BC942}") = "4.7.1QTreeWidgetDemo", "QTreeWidgetDemo\QTreeWidgetDemo.vcxproj", "{F2CDF299-8D2A-4AB8-A3AC-583A291E6008}"
EndProject
Project("{8BC9CEB8-8B4A-11D0-8D11-00A0C91BC942}") = "4.8.1QTableWidgetDemo", "QTableWidgetDemo\QTableWidgetDemo.vcxproj", "{9788AF79-AEE4-4241-9882-900E6C52F386}"
EndProject
Project("{8BC9CEB8-8B4A-11D0-8D11-00A0C91BC942}") = "5.2.1QFileSystemModelDemo", "QFileSystemModelDemo\QFileSystemModelDemo.vcxproj", "{70715E1A-7E85-41D9-A43C-9B651B536202}"
EndProject
Project("{8BC9CEB8-8B4A-11D0-8D11-00A0C91BC942}") = "5.3.1QStringListModelDemo", "QStringListModelDemo\QStringListModelDemo.vcxproj", "{0C022AA9-3ED8-4748-B4BA-6C4F048E97ED}"
EndProject
Project("{8BC9CEB8-8B4A-11D0-8D11-00A0C91BC942}") = "5.4.1QStandardItemModelDemo", "QStandardItemModelDemo\QStandardItemModelDemo.vcxproj", "{8AB6B934-46E5-408C-B814-7117FA20EC27}"
EndProject
Project("{8BC9CEB8-8B4A-11D0-8D11-00A0C91BC942}") = "6.1.1StandardDialogDemo", "StandardDialogDemo\StandardDialogDemo.vcxproj", "{7A8FB3EB-7BFD-49F6-99E0-0D449DDE8C54}"
EndProject
Project("{8BC9CEB8-8B4A-11D0-8D11-00A0C91BC942}") = "6.2.1CustomDialogDemo", "CustomDialogDemo\CustomDialogDemo.vcxproj", "{37301F00-34CC-443B-91E3-E3BF23DE63A7}"
EndProject
Global
	GlobalSection(SolutionConfigurationPlatforms) = preSolution
		Debug|x86 = Debug|x86
		Release|x86 = Release|x86
	EndGlobalSection
	GlobalSection(ProjectConfigurationPlatforms) = postSolution
		{B12702AD-ABFB-343A-A199-8E24837244A3}.Debug|x86.ActiveCfg = Debug|Win32
		{B12702AD-ABFB-343A-A199-8E24837244A3}.Debug|x86.Build.0 = Debug|Win32
		{B12702AD-ABFB-343A-A199-8E24837244A3}.Release|x86.ActiveCfg = Release|Win32
		{B12702AD-ABFB-343A-A199-8E24837244A3}.Release|x86.Build.0 = Release|Win32
		{4B64B85F-F8CC-4746-9E09-73DA2665FED0}.Debug|x86.ActiveCfg = Debug|Win32
		{4B64B85F-F8CC-4746-9E09-73DA2665FED0}.Debug|x86.Build.0 = Debug|Win32
		{4B64B85F-F8CC-4746-9E09-73DA2665FED0}.Release|x86.ActiveCfg = Release|Win32
		{4B64B85F-F8CC-4746-9E09-73DA2665FED0}.Release|x86.Build.0 = Release|Win32
		{BB40AEFE-B0C0-44EA-BFD0-5AA2D382BC01}.Debug|x86.ActiveCfg = Debug|Win32
		{BB40AEFE-B0C0-44EA-BFD0-5AA2D382BC01}.Debug|x86.Build.0 = Debug|Win32
		{BB40AEFE-B0C0-44EA-BFD0-5AA2D382BC01}.Release|x86.ActiveCfg = Release|Win32
		{BB40AEFE-B0C0-44EA-BFD0-5AA2D382BC01}.Release|x86.Build.0 = Release|Win32
		{C44F13AF-B199-4EDB-834D-250957FBFB7C}.Debug|x86.ActiveCfg = Debug|Win32
		{C44F13AF-B199-4EDB-834D-250957FBFB7C}.Debug|x86.Build.0 = Debug|Win32
		{C44F13AF-B199-4EDB-834D-250957FBFB7C}.Release|x86.ActiveCfg = Release|Win32
		{C44F13AF-B199-4EDB-834D-250957FBFB7C}.Release|x86.Build.0 = Release|Win32
		{14482F9D-64D8-451C-B6D4-85E8ED5CD45D}.Debug|x86.ActiveCfg = Debug|Win32
		{14482F9D-64D8-451C-B6D4-85E8ED5CD45D}.Debug|x86.Build.0 = Debug|Win32
		{14482F9D-64D8-451C-B6D4-85E8ED5CD45D}.Release|x86.ActiveCfg = Release|Win32
		{14482F9D-64D8-451C-B6D4-85E8ED5CD45D}.Release|x86.Build.0 = Release|Win32
		{E5B7ABC1-771E-454F-B6A1-FC10AB0EF2C6}.Debug|x86.ActiveCfg = Debug|Win32
		{E5B7ABC1-771E-454F-B6A1-FC10AB0EF2C6}.Debug|x86.Build.0 = Debug|Win32
		{E5B7ABC1-771E-454F-B6A1-FC10AB0EF2C6}.Release|x86.ActiveCfg = Release|Win32
		{E5B7ABC1-771E-454F-B6A1-FC10AB0EF2C6}.Release|x86.Build.0 = Release|Win32
		{7F0125FC-A862-4B5C-BFFE-37D134E166CF}.Debug|x86.ActiveCfg = Debug|Win32
		{7F0125FC-A862-4B5C-BFFE-37D134E166CF}.Debug|x86.Build.0 = Debug|Win32
		{7F0125FC-A862-4B5C-BFFE-37D134E166CF}.Release|x86.ActiveCfg = Release|Win32
		{7F0125FC-A862-4B5C-BFFE-37D134E166CF}.Release|x86.Build.0 = Release|Win32
		{C6D2BF0D-F503-45D1-9973-BC34D4D84FC1}.Debug|x86.ActiveCfg = Debug|Win32
		{C6D2BF0D-F503-45D1-9973-BC34D4D84FC1}.Debug|x86.Build.0 = Debug|Win32
		{C6D2BF0D-F503-45D1-9973-BC34D4D84FC1}.Release|x86.ActiveCfg = Release|Win32
		{C6D2BF0D-F503-45D1-9973-BC34D4D84FC1}.Release|x86.Build.0 = Release|Win32
		{D18C0852-1ED0-42BD-97C3-46586E43B454}.Debug|x86.ActiveCfg = Debug|Win32
		{D18C0852-1ED0-42BD-97C3-46586E43B454}.Debug|x86.Build.0 = Debug|Win32
		{D18C0852-1ED0-42BD-97C3-46586E43B454}.Release|x86.ActiveCfg = Release|Win32
		{D18C0852-1ED0-42BD-97C3-46586E43B454}.Release|x86.Build.0 = Release|Win32
		{8A73A873-5065-4A81-843A-E5BBC987ECD8}.Debug|x86.ActiveCfg = Debug|Win32
		{8A73A873-5065-4A81-843A-E5BBC987ECD8}.Debug|x86.Build.0 = Debug|Win32
		{8A73A873-5065-4A81-843A-E5BBC987ECD8}.Release|x86.ActiveCfg = Release|Win32
		{8A73A873-5065-4A81-843A-E5BBC987ECD8}.Release|x86.Build.0 = Release|Win32
		{55B21515-8D2E-49E1-B52C-2E2EDA9E0B97}.Debug|x86.ActiveCfg = Debug|Win32
		{55B21515-8D2E-49E1-B52C-2E2EDA9E0B97}.Debug|x86.Build.0 = Debug|Win32
		{55B21515-8D2E-49E1-B52C-2E2EDA9E0B97}.Release|x86.ActiveCfg = Release|Win32
		{55B21515-8D2E-49E1-B52C-2E2EDA9E0B97}.Release|x86.Build.0 = Release|Win32
		{E7DB2D1A-4447-4702-B43A-066CE19F7904}.Debug|x86.ActiveCfg = Debug|Win32
		{E7DB2D1A-4447-4702-B43A-066CE19F7904}.Debug|x86.Build.0 = Debug|Win32
		{E7DB2D1A-4447-4702-B43A-066CE19F7904}.Release|x86.ActiveCfg = Release|Win32
		{E7DB2D1A-4447-4702-B43A-066CE19F7904}.Release|x86.Build.0 = Release|Win32
		{959017DF-DA84-4430-B066-6D7382230F34}.Debug|x86.ActiveCfg = Debug|Win32
		{959017DF-DA84-4430-B066-6D7382230F34}.Debug|x86.Build.0 = Debug|Win32
		{959017DF-DA84-4430-B066-6D7382230F34}.Release|x86.ActiveCfg = Release|Win32
		{959017DF-DA84-4430-B066-6D7382230F34}.Release|x86.Build.0 = Release|Win32
		{AB30BD28-1B5D-4A3D-BD10-7A2FE6EC2E93}.Debug|x86.ActiveCfg = Debug|Win32
		{AB30BD28-1B5D-4A3D-BD10-7A2FE6EC2E93}.Debug|x86.Build.0 = Debug|Win32
		{AB30BD28-1B5D-4A3D-BD10-7A2FE6EC2E93}.Release|x86.ActiveCfg = Release|Win32
		{AB30BD28-1B5D-4A3D-BD10-7A2FE6EC2E93}.Release|x86.Build.0 = Release|Win32
		{6334E6AE-AB92-4040-9534-52330E41199A}.Debug|x86.ActiveCfg = Debug|Win32
		{6334E6AE-AB92-4040-9534-52330E41199A}.Debug|x86.Build.0 = Debug|Win32
		{6334E6AE-AB92-4040-9534-52330E41199A}.Release|x86.ActiveCfg = Release|Win32
		{6334E6AE-AB92-4040-9534-52330E41199A}.Release|x86.Build.0 = Release|Win32
		{F2CDF299-8D2A-4AB8-A3AC-583A291E6008}.Debug|x86.ActiveCfg = Debug|Win32
		{F2CDF299-8D2A-4AB8-A3AC-583A291E6008}.Debug|x86.Build.0 = Debug|Win32
		{F2CDF299-8D2A-4AB8-A3AC-583A291E6008}.Release|x86.ActiveCfg = Release|Win32
		{F2CDF299-8D2A-4AB8-A3AC-583A291E6008}.Release|x86.Build.0 = Release|Win32
		{9788AF79-AEE4-4241-9882-900E6C52F386}.Debug|x86.ActiveCfg = Debug|Win32
		{9788AF79-AEE4-4241-9882-900E6C52F386}.Debug|x86.Build.0 = Debug|Win32
		{9788AF79-AEE4-4241-9882-900E6C52F386}.Release|x86.ActiveCfg = Release|Win32
		{9788AF79-AEE4-4241-9882-900E6C52F386}.Release|x86.Build.0 = Release|Win32
		{70715E1A-7E85-41D9-A43C-9B651B536202}.Debug|x86.ActiveCfg = Debug|Win32
		{70715E1A-7E85-41D9-A43C-9B651B536202}.Debug|x86.Build.0 = Debug|Win32
		{70715E1A-7E85-41D9-A43C-9B651B536202}.Release|x86.ActiveCfg = Release|Win32
		{70715E1A-7E85-41D9-A43C-9B651B536202}.Release|x86.Build.0 = Release|Win32
		{0C022AA9-3ED8-4748-B4BA-6C4F048E97ED}.Debug|x86.ActiveCfg = Debug|Win32
		{0C022AA9-3ED8-4748-B4BA-6C4F048E97ED}.Debug|x86.Build.0 = Debug|Win32
		{0C022AA9-3ED8-4748-B4BA-6C4F048E97ED}.Release|x86.ActiveCfg = Release|Win32
		{0C022AA9-3ED8-4748-B4BA-6C4F048E97ED}.Release|x86.Build.0 = Release|Win32
		{8AB6B934-46E5-408C-B814-7117FA20EC27}.Debug|x86.ActiveCfg = Debug|Win32
		{8AB6B934-46E5-408C-B814-7117FA20EC27}.Debug|x86.Build.0 = Debug|Win32
		{8AB6B934-46E5-408C-B814-7117FA20EC27}.Release|x86.ActiveCfg = Release|Win32
		{8AB6B934-46E5-408C-B814-7117FA20EC27}.Release|x86.Build.0 = Release|Win32
		{7A8FB3EB-7BFD-49F6-99E0-0D449DDE8C54}.Debug|x86.ActiveCfg = Debug|Win32
		{7A8FB3EB-7BFD-49F6-99E0-0D449DDE8C54}.Debug|x86.Build.0 = Debug|Win32
		{7A8FB3EB-7BFD-49F6-99E0-0D449DDE8C54}.Release|x86.ActiveCfg = Release|Win32
		{7A8FB3EB-7BFD-49F6-99E0-0D449DDE8C54}.Release|x86.Build.0 = Release|Win32
		{37301F00-34CC-443B-91E3-E3BF23DE63A7}.Debug|x86.ActiveCfg = Debug|Win32
		{37301F00-34CC-443B-91E3-E3BF23DE63A7}.Debug|x86.Build.0 = Debug|Win32
		{37301F00-34CC-443B-91E3-E3BF23DE63A7}.Release|x86.ActiveCfg = Release|Win32
		{37301F00-34CC-443B-91E3-E3BF23DE63A7}.Release|x86.Build.0 = Release|Win32
	EndGlobalSection
	GlobalSection(SolutionProperties) = preSolution
		HideSolutionNode = FALSE
	EndGlobalSection
EndGlobal
